
Microsoft Visual Studio Solution File, Format Version 12.00
# Visual Studio Version 17
VisualStudioVersion = 17.2.32630.192
MinimumVisualStudioVersion = 10.0.40219.1
Project("{FAE04EC0-301F-11D3-BF4B-00C04F79EFBC}") = "VehicleLocationLookUp", "VehicleLocationLookUp\VehicleLocationLookUp.csproj", "{894AF7BB-4FBC-4F47-ACDF-9481EF0C96E1}"
EndProject
Global
	GlobalSection(SolutionConfigurationPlatforms) = preSolution
		Debug|Any CPU = Debug|Any CPU
		Release|Any CPU = Release|Any CPU
	EndGlobalSection
	GlobalSection(ProjectConfigurationPlatforms) = postSolution
		{894AF7BB-4FBC-4F47-ACDF-9481EF0C96E1}.Debug|Any CPU.ActiveCfg = Debug|Any CPU
		{894AF7BB-4FBC-4F47-ACDF-9481EF0C96E1}.Debug|Any CPU.Build.0 = Debug|Any CPU
		{894AF7BB-4FBC-4F47-ACDF-9481EF0C96E1}.Release|Any CPU.ActiveCfg = Release|Any CPU
		{894AF7BB-4FBC-4F47-ACDF-9481EF0C96E1}.Release|Any CPU.Build.0 = Release|Any CPU
	EndGlobalSection
	GlobalSection(SolutionProperties) = preSolution
		HideSolutionNode = FALSE
	EndGlobalSection
	GlobalSection(ExtensibilityGlobals) = postSolution
		SolutionGuid = {ADDF5853-0AC3-486A-886A-73992667F4F9}
	EndGlobalSection
EndGlobal
